// !$*UTF8*$!
{
	archiveVersion = 1;
	classes = {
	};
	objectVersion = 46;
	objects = {

/* Begin PBXBuildFile section */
		B4DE22521E1F9FBF000AE85C /* AppDelegate.swift in Sources */ = {isa = PBXBuildFile; fileRef = B4DE22511E1F9FBF000AE85C /* AppDelegate.swift */; };
		B4DE22541E1F9FBF000AE85C /* ViewController.swift in Sources */ = {isa = PBXBuildFile; fileRef = B4DE22531E1F9FBF000AE85C /* ViewController.swift */; };
		B4DE22571E1F9FBF000AE85C /* Main.storyboard in Resources */ = {isa = PBXBuildFile; fileRef = B4DE22551E1F9FBF000AE85C /* Main.storyboard */; };
		B4DE22591E1F9FBF000AE85C /* Assets.xcassets in Resources */ = {isa = PBXBuildFile; fileRef = B4DE22581E1F9FBF000AE85C /* Assets.xcassets */; };
		B4DE225C1E1F9FBF000AE85C /* LaunchScreen.storyboard in Resources */ = {isa = PBXBuildFile; fileRef = B4DE225A1E1F9FBF000AE85C /* LaunchScreen.storyboard */; };
		BE147656056095ED1C1F2D24 /* Pods_PBWeiXin.framework in Frameworks */ = {isa = PBXBuildFile; fileRef = CAD07F22A59495CB1C561EC3 /* Pods_PBWeiXin.framework */; };
/* End PBXBuildFile section */

/* Begin PBXFileReference section */
		68FC3F6931F2403D80687CE7 /* Pods-PBWeiXin.debug.xcconfig */ = {isa = PBXFileReference; includeInIndex = 1; lastKnownFileType = text.xcconfig; name = "Pods-PBWeiXin.debug.xcconfig"; path = "Pods/Target Support Files/Pods-PBWeiXin/Pods-PBWeiXin.debug.xcconfig"; sourceTree = "<group>"; };
		6967C59EA1564D6A92925001 /* Pods-PBWeiXin.release.xcconfig */ = {isa = PBXFileReference; includeInIndex = 1; lastKnownFileType = text.xcconfig; name = "Pods-PBWeiXin.release.xcconfig"; path = "Pods/Target Support Files/Pods-PBWeiXin/Pods-PBWeiXin.release.xcconfig"; sourceTree = "<group>"; };
		B4DE224E1E1F9FBF000AE85C /* PBWeiXin.app */ = {isa = PBXFileReference; explicitFileType = wrapper.application; includeInIndex = 0; path = PBWeiXin.app; sourceTree = BUILT_PRODUCTS_DIR; };
		B4DE22511E1F9FBF000AE85C /* AppDelegate.swift */ = {isa = PBXFileReference; lastKnownFileType = sourcecode.swift; path = AppDelegate.swift; sourceTree = "<group>"; };
		B4DE22531E1F9FBF000AE85C /* ViewController.swift */ = {isa = PBXFileReference; lastKnownFileType = sourcecode.swift; path = ViewController.swift; sourceTree = "<group>"; };
		B4DE22561E1F9FBF000AE85C /* Base */ = {isa = PBXFileReference; lastKnownFileType = file.storyboard; name = Base; path = Base.lproj/Main.storyboard; sourceTree = "<group>"; };
		B4DE22581E1F9FBF000AE85C /* Assets.xcassets */ = {isa = PBXFileReference; lastKnownFileType = folder.assetcatalog; path = Assets.xcassets; sourceTree = "<group>"; };
		B4DE225B1E1F9FBF000AE85C /* Base */ = {isa = PBXFileReference; lastKnownFileType = file.storyboard; name = Base; path = Base.lproj/LaunchScreen.storyboard; sourceTree = "<group>"; };
		B4DE225D1E1F9FBF000AE85C /* Info.plist */ = {isa = PBXFileReference; lastKnownFileType = text.plist.xml; path = Info.plist; sourceTree = "<group>"; };
		CAD07F22A59495CB1C561EC3 /* Pods_PBWeiXin.framework */ = {isa = PBXFileReference; explicitFileType = wrapper.framework; includeInIndex = 0; path = Pods_PBWeiXin.framework; sourceTree = BUILT_PRODUCTS_DIR; };
/* End PBXFileReference section */

/* Begin PBXFrameworksBuildPhase section */
		B4DE224B1E1F9FBF000AE85C /* Frameworks */ = {
			isa = PBXFrameworksBuildPhase;
			buildActionMask = 2147483647;
			files = (
				BE147656056095ED1C1F2D24 /* Pods_PBWeiXin.framework in Frameworks */,
			);
			runOnlyForDeploymentPostprocessing = 0;
		};
/* End PBXFrameworksBuildPhase section */

/* Begin PBXGroup section */
		388F561F5E34292108910A13 /* Pods */ = {
			isa = PBXGroup;
			children = (
				68FC3F6931F2403D80687CE7 /* Pods-PBWeiXin.debug.xcconfig */,
				6967C59EA1564D6A92925001 /* Pods-PBWeiXin.release.xcconfig */,
			);
			name = Pods;
			sourceTree = "<group>";
		};
		439C196B4A6E96A2563DA4BB /* Frameworks */ = {
			isa = PBXGroup;
			children = (
				CAD07F22A59495CB1C561EC3 /* Pods_PBWeiXin.framework */,
			);
			name = Frameworks;
			sourceTree = "<group>";
		};
		B4DE22451E1F9FBF000AE85C = {
			isa = PBXGroup;
			children = (
				B4DE22501E1F9FBF000AE85C /* PBWeiXin */,
				B4DE224F1E1F9FBF000AE85C /* Products */,
				388F561F5E34292108910A13 /* Pods */,
				439C196B4A6E96A2563DA4BB /* Frameworks */,
			);
			sourceTree = "<group>";
		};
		B4DE224F1E1F9FBF000AE85C /* Products */ = {
			isa = PBXGroup;
			children = (
				B4DE224E1E1F9FBF000AE85C /* PBWeiXin.app */,
			);
			name = Products;
			sourceTree = "<group>";
		};
		B4DE22501E1F9FBF000AE85C /* PBWeiXin */ = {
			isa = PBXGroup;
			children = (
				B4DE22631E1FA32D000AE85C /* FriendList */,
				B4DE22641E1FA32D000AE85C /* MessageList */,
				B4DE22511E1F9FBF000AE85C /* AppDelegate.swift */,
				B4DE22531E1F9FBF000AE85C /* ViewController.swift */,
				B4DE22551E1F9FBF000AE85C /* Main.storyboard */,
				B4DE22581E1F9FBF000AE85C /* Assets.xcassets */,
				B4DE225A1E1F9FBF000AE85C /* LaunchScreen.storyboard */,
				B4DE225D1E1F9FBF000AE85C /* Info.plist */,
			);
			path = PBWeiXin;
			sourceTree = "<group>";
		};
		B4DE22631E1FA32D000AE85C /* FriendList */ = {
			isa = PBXGroup;
			children = (
				B4DE22691E1FA36F000AE85C /* Model */,
				B4DE226A1E1FA36F000AE85C /* VC */,
				B4DE226B1E1FA36F000AE85C /* View */,
				B4DE226C1E1FA36F000AE85C /* VM */,
			);
			path = FriendList;
			sourceTree = "<group>";
		};
		B4DE22641E1FA32D000AE85C /* MessageList */ = {
			isa = PBXGroup;
			children = (
				B4DE22651E1FA32D000AE85C /* Model */,
				B4DE22661E1FA32D000AE85C /* VC */,
				B4DE22671E1FA32D000AE85C /* View */,
				B4DE22681E1FA32D000AE85C /* VM */,
			);
			path = MessageList;
			sourceTree = "<group>";
		};
		B4DE22651E1FA32D000AE85C /* Model */ = {
			isa = PBXGroup;
			children = (
			);
			path = Model;
			sourceTree = "<group>";
		};
		B4DE22661E1FA32D000AE85C /* VC */ = {
			isa = PBXGroup;
			children = (
			);
			path = VC;
			sourceTree = "<group>";
		};
		B4DE22671E1FA32D000AE85C /* View */ = {
			isa = PBXGroup;
			children = (
			);
			path = View;
			sourceTree = "<group>";
		};
		B4DE22681E1FA32D000AE85C /* VM */ = {
			isa = PBXGroup;
			children = (
			);
			path = VM;
			sourceTree = "<group>";
		};
		B4DE22691E1FA36F000AE85C /* Model */ = {
			isa = PBXGroup;
			children = (
			);
			path = Model;
			sourceTree = "<group>";
		};
		B4DE226A1E1FA36F000AE85C /* VC */ = {
			isa = PBXGroup;
			children = (
			);
			path = VC;
			sourceTree = "<group>";
		};
		B4DE226B1E1FA36F000AE85C /* View */ = {
			isa = PBXGroup;
			children = (
			);
			path = View;
			sourceTree = "<group>";
		};
		B4DE226C1E1FA36F000AE85C /* VM */ = {
			isa = PBXGroup;
			children = (
			);
			path = VM;
			sourceTree = "<group>";
		};
/* End PBXGroup section */

/* Begin PBXNativeTarget section */
		B4DE224D1E1F9FBF000AE85C /* PBWeiXin */ = {
			isa = PBXNativeTarget;
			buildConfigurationList = B4DE22601E1F9FBF000AE85C /* Build configuration list for PBXNativeTarget "PBWeiXin" */;
			buildPhases = (
				A1D18E2AB67F9E3FDE84A8CD /* [CP] Check Pods Manifest.lock */,
				B4DE224A1E1F9FBF000AE85C /* Sources */,
				B4DE224B1E1F9FBF000AE85C /* Frameworks */,
				B4DE224C1E1F9FBF000AE85C /* Resources */,
				6315C11D7C7066399F7CC99F /* [CP] Embed Pods Frameworks */,
				DF61BD9AE21BE4B95727501A /* [CP] Copy Pods Resources */,
			);
			buildRules = (
			);
			dependencies = (
			);
			name = PBWeiXin;
			productName = PBWeiXin;
			productReference = B4DE224E1E1F9FBF000AE85C /* PBWeiXin.app */;
			productType = "com.apple.product-type.application";
		};
/* End PBXNativeTarget section */

/* Begin PBXProject section */
		B4DE22461E1F9FBF000AE85C /* Project object */ = {
			isa = PBXProject;
			attributes = {
				LastSwiftUpdateCheck = 0820;
				LastUpgradeCheck = 0820;
				ORGANIZATIONNAME = "swift小微信";
				TargetAttributes = {
					B4DE224D1E1F9FBF000AE85C = {
						CreatedOnToolsVersion = 8.2.1;
						ProvisioningStyle = Automatic;
					};
				};
			};
			buildConfigurationList = B4DE22491E1F9FBF000AE85C /* Build configuration list for PBXProject "PBWeiXin" */;
			compatibilityVersion = "Xcode 3.2";
			developmentRegion = English;
			hasScannedForEncodings = 0;
			knownRegions = (
				en,
				Base,
			);
			mainGroup = B4DE22451E1F9FBF000AE85C;
			productRefGroup = B4DE224F1E1F9FBF000AE85C /* Products */;
			projectDirPath = "";
			projectRoot = "";
			targets = (
				B4DE224D1E1F9FBF000AE85C /* PBWeiXin */,
			);
		};
/* End PBXProject section */

/* Begin PBXResourcesBuildPhase section */
		B4DE224C1E1F9FBF000AE85C /* Resources */ = {
			isa = PBXResourcesBuildPhase;
			buildActionMask = 2147483647;
			files = (
				B4DE225C1E1F9FBF000AE85C /* LaunchScreen.storyboard in Resources */,
				B4DE22591E1F9FBF000AE85C /* Assets.xcassets in Resources */,
				B4DE22571E1F9FBF000AE85C /* Main.storyboard in Resources */,
			);
			runOnlyForDeploymentPostprocessing = 0;
		};
/* End PBXResourcesBuildPhase section */

/* Begin PBXShellScriptBuildPhase section */
		6315C11D7C7066399F7CC99F /* [CP] Embed Pods Frameworks */ = {
			isa = PBXShellScriptBuildPhase;
			buildActionMask = 2147483647;
			files = (
			);
			inputPaths = (
			);
			name = "[CP] Embed Pods Frameworks";
			outputPaths = (
			);
			runOnlyForDeploymentPostprocessing = 0;
			shellPath = /bin/sh;
			shellScript = "\"${SRCROOT}/Pods/Target Support Files/Pods-PBWeiXin/Pods-PBWeiXin-frameworks.sh\"\n";
			showEnvVarsInLog = 0;
		};
		A1D18E2AB67F9E3FDE84A8CD /* [CP] Check Pods Manifest.lock */ = {
			isa = PBXShellScriptBuildPhase;
			buildActionMask = 2147483647;
			files = (
			);
			inputPaths = (
			);
			name = "[CP] Check Pods Manifest.lock";
			outputPaths = (
			);
			runOnlyForDeploymentPostprocessing = 0;
			shellPath = /bin/sh;
			shellScript = "diff \"${PODS_ROOT}/../Podfile.lock\" \"${PODS_ROOT}/Manifest.lock\" > /dev/null\nif [ $? != 0 ] ; then\n    # print error to STDERR\n    echo \"error: The sandbox is not in sync with the Podfile.lock. Run 'pod install' or update your CocoaPods installation.\" >&2\n    exit 1\nfi\n";
			showEnvVarsInLog = 0;
		};
		DF61BD9AE21BE4B95727501A /* [CP] Copy Pods Resources */ = {
			isa = PBXShellScriptBuildPhase;
			buildActionMask = 2147483647;
			files = (
			);
			inputPaths = (
			);
			name = "[CP] Copy Pods Resources";
			outputPaths = (
			);
			runOnlyForDeploymentPostprocessing = 0;
			shellPath = /bin/sh;
			shellScript = "\"${SRCROOT}/Pods/Target Support Files/Pods-PBWeiXin/Pods-PBWeiXin-resources.sh\"\n";
			showEnvVarsInLog = 0;
		};
/* End PBXShellScriptBuildPhase section */

/* Begin PBXSourcesBuildPhase section */
		B4DE224A1E1F9FBF000AE85C /* Sources */ = {
			isa = PBXSourcesBuildPhase;
			buildActionMask = 2147483647;
			files = (
				B4DE22541E1F9FBF000AE85C /* ViewController.swift in Sources */,
				B4DE22521E1F9FBF000AE85C /* AppDelegate.swift in Sources */,
			);
			runOnlyForDeploymentPostprocessing = 0;
		};
/* End PBXSourcesBuildPhase section */

/* Begin PBXVariantGroup section */
		B4DE22551E1F9FBF000AE85C /* Main.storyboard */ = {
			isa = PBXVariantGroup;
			children = (
				B4DE22561E1F9FBF000AE85C /* Base */,
			);
			name = Main.storyboard;
			sourceTree = "<group>";
		};
		B4DE225A1E1F9FBF000AE85C /* LaunchScreen.storyboard */ = {
			isa = PBXVariantGroup;
			children = (
				B4DE225B1E1F9FBF000AE85C /* Base */,
			);
			name = LaunchScreen.storyboard;
			sourceTree = "<group>";
		};
/* End PBXVariantGroup section */

/* Begin XCBuildConfiguration section */
		B4DE225E1E1F9FBF000AE85C /* Debug */ = {
			isa = XCBuildConfiguration;
			buildSettings = {
				ALWAYS_SEARCH_USER_PATHS = NO;
				CLANG_ANALYZER_NONNULL = YES;
				CLANG_CXX_LANGUAGE_STANDARD = "gnu++0x";
				CLANG_CXX_LIBRARY = "libc++";
				CLANG_ENABLE_MODULES = YES;
				CLANG_ENABLE_OBJC_ARC = YES;
				CLANG_WARN_BOOL_CONVERSION = YES;
				CLANG_WARN_CONSTANT_CONVERSION = YES;
				CLANG_WARN_DIRECT_OBJC_ISA_USAGE = YES_ERROR;
				CLANG_WARN_DOCUMENTATION_COMMENTS = YES;
				CLANG_WARN_EMPTY_BODY = YES;
				CLANG_WARN_ENUM_CONVERSION = YES;
				CLANG_WARN_INFINITE_RECURSION = YES;
				CLANG_WARN_INT_CONVERSION = YES;
				CLANG_WARN_OBJC_ROOT_CLASS = YES_ERROR;
				CLANG_WARN_SUSPICIOUS_MOVE = YES;
				CLANG_WARN_UNREACHABLE_CODE = YES;
				CLANG_WARN__DUPLICATE_METHOD_MATCH = YES;
				"CODE_SIGN_IDENTITY[sdk=iphoneos*]" = "iPhone Developer";
				COPY_PHASE_STRIP = NO;
				DEBUG_INFORMATION_FORMAT = dwarf;
				ENABLE_STRICT_OBJC_MSGSEND = YES;
				ENABLE_TESTABILITY = YES;
				GCC_C_LANGUAGE_STANDARD = gnu99;
				GCC_DYNAMIC_NO_PIC = NO;
				GCC_NO_COMMON_BLOCKS = YES;
				GCC_OPTIMIZATION_LEVEL = 0;
				GCC_PREPROCESSOR_DEFINITIONS = (
					"DEBUG=1",
					"$(inherited)",
				);
				GCC_WARN_64_TO_32_BIT_CONVERSION = YES;
				GCC_WARN_ABOUT_RETURN_TYPE = YES_ERROR;
				GCC_WARN_UNDECLARED_SELECTOR = YES;
				GCC_WARN_UNINITIALIZED_AUTOS = YES_AGGRESSIVE;
				GCC_WARN_UNUSED_FUNCTION = YES;
				GCC_WARN_UNUSED_VARIABLE = YES;
				IPHONEOS_DEPLOYMENT_TARGET = 10.2;
				MTL_ENABLE_DEBUG_INFO = YES;
				ONLY_ACTIVE_ARCH = YES;
				SDKROOT = iphoneos;
				SWIFT_ACTIVE_COMPILATION_CONDITIONS = DEBUG;
				SWIFT_OPTIMIZATION_LEVEL = "-Onone";
			};
			name = Debug;
		};
		B4DE225F1E1F9FBF000AE85C /* Release */ = {
			isa = XCBuildConfiguration;
			buildSettings = {
				ALWAYS_SEARCH_USER_PATHS = NO;
				CLANG_ANALYZER_NONNULL = YES;
				CLANG_CXX_LANGUAGE_STANDARD = "gnu++0x";
				CLANG_CXX_LIBRARY = "libc++";
				CLANG_ENABLE_MODULES = YES;
				CLANG_ENABLE_OBJC_ARC = YES;
				CLANG_WARN_BOOL_CONVERSION = YES;
				CLANG_WARN_CONSTANT_CONVERSION = YES;
				CLANG_WARN_DIRECT_OBJC_ISA_USAGE = YES_ERROR;
				CLANG_WARN_DOCUMENTATION_COMMENTS = YES;
				CLANG_WARN_EMPTY_BODY = YES;
				CLANG_WARN_ENUM_CONVERSION = YES;
				CLANG_WARN_INFINITE_RECURSION = YES;
				CLANG_WARN_INT_CONVERSION = YES;
				CLANG_WARN_OBJC_ROOT_CLASS = YES_ERROR;
				CLANG_WARN_SUSPICIOUS_MOVE = YES;
				CLANG_WARN_UNREACHABLE_CODE = YES;
				CLANG_WARN__DUPLICATE_METHOD_MATCH = YES;
				"CODE_SIGN_IDENTITY[sdk=iphoneos*]" = "iPhone Developer";
				COPY_PHASE_STRIP = NO;
				DEBUG_INFORMATION_FORMAT = "dwarf-with-dsym";
				ENABLE_NS_ASSERTIONS = NO;
				ENABLE_STRICT_OBJC_MSGSEND = YES;
				GCC_C_LANGUAGE_STANDARD = gnu99;
				GCC_NO_COMMON_BLOCKS = YES;
				GCC_WARN_64_TO_32_BIT_CONVERSION = YES;
				GCC_WARN_ABOUT_RETURN_TYPE = YES_ERROR;
				GCC_WARN_UNDECLARED_SELECTOR = YES;
				GCC_WARN_UNINITIALIZED_AUTOS = YES_AGGRESSIVE;
				GCC_WARN_UNUSED_FUNCTION = YES;
				GCC_WARN_UNUSED_VARIABLE = YES;
				IPHONEOS_DEPLOYMENT_TARGET = 10.2;
				MTL_ENABLE_DEBUG_INFO = NO;
				SDKROOT = iphoneos;
				SWIFT_OPTIMIZATION_LEVEL = "-Owholemodule";
				VALIDATE_PRODUCT = YES;
			};
			name = Release;
		};
		B4DE22611E1F9FBF000AE85C /* Debug */ = {
			isa = XCBuildConfiguration;
			baseConfigurationReference = 68FC3F6931F2403D80687CE7 /* Pods-PBWeiXin.debug.xcconfig */;
			buildSettings = {
				ASSETCATALOG_COMPILER_APPICON_NAME = AppIcon;
				INFOPLIST_FILE = PBWeiXin/Info.plist;
				LD_RUNPATH_SEARCH_PATHS = "$(inherited) @executable_path/Frameworks";
				PRODUCT_BUNDLE_IDENTIFIER = com.swift.iOS.PBWeiXin;
				PRODUCT_NAME = "$(TARGET_NAME)";
				SWIFT_VERSION = 3.0;
			};
			name = Debug;
		};
		B4DE22621E1F9FBF000AE85C /* Release */ = {
			isa = XCBuildConfiguration;
			baseConfigurationReference = 6967C59EA1564D6A92925001 /* Pods-PBWeiXin.release.xcconfig */;
			buildSettings = {
				ASSETCATALOG_COMPILER_APPICON_NAME = AppIcon;
				INFOPLIST_FILE = PBWeiXin/Info.plist;
				LD_RUNPATH_SEARCH_PATHS = "$(inherited) @executable_path/Frameworks";
				PRODUCT_BUNDLE_IDENTIFIER = com.swift.iOS.PBWeiXin;
				PRODUCT_NAME = "$(TARGET_NAME)";
				SWIFT_VERSION = 3.0;
			};
			name = Release;
		};
/* End XCBuildConfiguration section */

/* Begin XCConfigurationList section */
		B4DE22491E1F9FBF000AE85C /* Build configuration list for PBXProject "PBWeiXin" */ = {
			isa = XCConfigurationList;
			buildConfigurations = (
				B4DE225E1E1F9FBF000AE85C /* Debug */,
				B4DE225F1E1F9FBF000AE85C /* Release */,
			);
			defaultConfigurationIsVisible = 0;
			defaultConfigurationName = Release;
		};
		B4DE22601E1F9FBF000AE85C /* Build configuration list for PBXNativeTarget "PBWeiXin" */ = {
			isa = XCConfigurationList;
			buildConfigurations = (
				B4DE22611E1F9FBF000AE85C /* Debug */,
				B4DE22621E1F9FBF000AE85C /* Release */,
			);
			defaultConfigurationIsVisible = 0;
			defaultConfigurationName = Release;
		};
/* End XCConfigurationList section */
	};
	rootObject = B4DE22461E1F9FBF000AE85C /* Project object */;
}
